
Microsoft Visual Studio Solution File, Format Version 12.00
# Visual Studio Version 16
VisualStudioVersion = 16.0.31005.135
MinimumVisualStudioVersion = 10.0.40219.1
Project("{8BC9CEB8-8B4A-11D0-8D11-00A0C91BC942}") = "RemoteClient", "RemoteClient\RemoteClient.vcxproj", "{C53F7EA5-7204-4EC6-91A9-797A83EF0BDF}"
EndProject
Project("{8BC9CEB8-8B4A-11D0-8D11-00A0C91BC942}") = "RemoteServer", "RemoteServer\RemoteServer.vcxproj", "{C45B1350-4549-4352-9A13-B400EDC707AF}"
EndProject
Project("{8BC9CEB8-8B4A-11D0-8D11-00A0C91BC942}") = "ThreadPool", "ThreadPool\ThreadPool.vcxproj", "{68A6FE3A-7E92-408F-A341-078950A9979B}"
EndProject
Project("{8BC9CEB8-8B4A-11D0-8D11-00A0C91BC942}") = "RemoteClientIOCP", "RemoteClientIOCP\RemoteClientIOCP.vcxproj", "{4E648378-475A-4145-8315-17D76A1F854B}"
EndProject
Project("{8BC9CEB8-8B4A-11D0-8D11-00A0C91BC942}") = "RemoteServerIOCP", "RemoteServerIOCP\RemoteServerIOCP.vcxproj", "{60429159-E6A8-47CA-8868-0875352C0258}"
EndProject
Global
	GlobalSection(SolutionConfigurationPlatforms) = preSolution
		Debug|x64 = Debug|x64
		Debug|x86 = Debug|x86
		Release|x64 = Release|x64
		Release|x86 = Release|x86
	EndGlobalSection
	GlobalSection(ProjectConfigurationPlatforms) = postSolution
		{C53F7EA5-7204-4EC6-91A9-797A83EF0BDF}.Debug|x64.ActiveCfg = Debug|x64
		{C53F7EA5-7204-4EC6-91A9-797A83EF0BDF}.Debug|x64.Build.0 = Debug|x64
		{C53F7EA5-7204-4EC6-91A9-797A83EF0BDF}.Debug|x86.ActiveCfg = Debug|Win32
		{C53F7EA5-7204-4EC6-91A9-797A83EF0BDF}.Debug|x86.Build.0 = Debug|Win32
		{C53F7EA5-7204-4EC6-91A9-797A83EF0BDF}.Release|x64.ActiveCfg = Release|x64
		{C53F7EA5-7204-4EC6-91A9-797A83EF0BDF}.Release|x64.Build.0 = Release|x64
		{C53F7EA5-7204-4EC6-91A9-797A83EF0BDF}.Release|x86.ActiveCfg = Release|Win32
		{C53F7EA5-7204-4EC6-91A9-797A83EF0BDF}.Release|x86.Build.0 = Release|Win32
		{C45B1350-4549-4352-9A13-B400EDC707AF}.Debug|x64.ActiveCfg = Debug|x64
		{C45B1350-4549-4352-9A13-B400EDC707AF}.Debug|x64.Build.0 = Debug|x64
		{C45B1350-4549-4352-9A13-B400EDC707AF}.Debug|x86.ActiveCfg = Debug|Win32
		{C45B1350-4549-4352-9A13-B400EDC707AF}.Debug|x86.Build.0 = Debug|Win32
		{C45B1350-4549-4352-9A13-B400EDC707AF}.Release|x64.ActiveCfg = Release|x64
		{C45B1350-4549-4352-9A13-B400EDC707AF}.Release|x64.Build.0 = Release|x64
		{C45B1350-4549-4352-9A13-B400EDC707AF}.Release|x86.ActiveCfg = Release|Win32
		{C45B1350-4549-4352-9A13-B400EDC707AF}.Release|x86.Build.0 = Release|Win32
		{68A6FE3A-7E92-408F-A341-078950A9979B}.Debug|x64.ActiveCfg = Debug|x64
		{68A6FE3A-7E92-408F-A341-078950A9979B}.Debug|x64.Build.0 = Debug|x64
		{68A6FE3A-7E92-408F-A341-078950A9979B}.Debug|x86.ActiveCfg = Debug|Win32
		{68A6FE3A-7E92-408F-A341-078950A9979B}.Debug|x86.Build.0 = Debug|Win32
		{68A6FE3A-7E92-408F-A341-078950A9979B}.Release|x64.ActiveCfg = Release|x64
		{68A6FE3A-7E92-408F-A341-078950A9979B}.Release|x64.Build.0 = Release|x64
		{68A6FE3A-7E92-408F-A341-078950A9979B}.Release|x86.ActiveCfg = Release|Win32
		{68A6FE3A-7E92-408F-A341-078950A9979B}.Release|x86.Build.0 = Release|Win32
		{4E648378-475A-4145-8315-17D76A1F854B}.Debug|x64.ActiveCfg = Debug|x64
		{4E648378-475A-4145-8315-17D76A1F854B}.Debug|x64.Build.0 = Debug|x64
		{4E648378-475A-4145-8315-17D76A1F854B}.Debug|x86.ActiveCfg = Debug|Win32
		{4E648378-475A-4145-8315-17D76A1F854B}.Debug|x86.Build.0 = Debug|Win32
		{4E648378-475A-4145-8315-17D76A1F854B}.Release|x64.ActiveCfg = Release|x64
		{4E648378-475A-4145-8315-17D76A1F854B}.Release|x64.Build.0 = Release|x64
		{4E648378-475A-4145-8315-17D76A1F854B}.Release|x86.ActiveCfg = Release|Win32
		{4E648378-475A-4145-8315-17D76A1F854B}.Release|x86.Build.0 = Release|Win32
		{60429159-E6A8-47CA-8868-0875352C0258}.Debug|x64.ActiveCfg = Debug|x64
		{60429159-E6A8-47CA-8868-0875352C0258}.Debug|x64.Build.0 = Debug|x64
		{60429159-E6A8-47CA-8868-0875352C0258}.Debug|x86.ActiveCfg = Debug|Win32
		{60429159-E6A8-47CA-8868-0875352C0258}.Debug|x86.Build.0 = Debug|Win32
		{60429159-E6A8-47CA-8868-0875352C0258}.Release|x64.ActiveCfg = Release|x64
		{60429159-E6A8-47CA-8868-0875352C0258}.Release|x64.Build.0 = Release|x64
		{60429159-E6A8-47CA-8868-0875352C0258}.Release|x86.ActiveCfg = Release|Win32
		{60429159-E6A8-47CA-8868-0875352C0258}.Release|x86.Build.0 = Release|Win32
	EndGlobalSection
	GlobalSection(SolutionProperties) = preSolution
		HideSolutionNode = FALSE
	EndGlobalSection
	GlobalSection(ExtensibilityGlobals) = postSolution
		SolutionGuid = {15E2C53E-05B6-4E1D-8F9D-AD5D906FE10D}
	EndGlobalSection
EndGlobal
